
Microsoft Visual Studio Solution File, Format Version 12.00
# Visual Studio Version 17
VisualStudioVersion = 17.6.33829.357
MinimumVisualStudioVersion = 10.0.40219.1
Project("{FAE04EC0-301F-11D3-BF4B-00C04F79EFBC}") = "Appraisal_System", "Appraisal_System.csproj", "{BB1A6624-C079-4887-81A6-3DD053F2DFA4}"
EndProject
Project("{FAE04EC0-301F-11D3-BF4B-00C04F79EFBC}") = "Appraisal_System.Models", "..\Appraisal_System.Models\Appraisal_System.Models.csproj", "{FD60C516-213B-4525-A73D-EA680D81B22B}"
EndProject
Project("{FAE04EC0-301F-11D3-BF4B-00C04F79EFBC}") = "Appraisal_System.Utility", "..\Appraisal_System.Utility\Appraisal_System.Utility.csproj", "{61411D02-7B7D-4A1D-8ACA-B890768FCBA3}"
EndProject
Global
	GlobalSection(SolutionConfigurationPlatforms) = preSolution
		Debug|Any CPU = Debug|Any CPU
		Release|Any CPU = Release|Any CPU
	EndGlobalSection
	GlobalSection(ProjectConfigurationPlatforms) = postSolution
		{BB1A6624-C079-4887-81A6-3DD053F2DFA4}.Debug|Any CPU.ActiveCfg = Debug|Any CPU
		{BB1A6624-C079-4887-81A6-3DD053F2DFA4}.Debug|Any CPU.Build.0 = Debug|Any CPU
		{BB1A6624-C079-4887-81A6-3DD053F2DFA4}.Release|Any CPU.ActiveCfg = Release|Any CPU
		{BB1A6624-C079-4887-81A6-3DD053F2DFA4}.Release|Any CPU.Build.0 = Release|Any CPU
		{FD60C516-213B-4525-A73D-EA680D81B22B}.Debug|Any CPU.ActiveCfg = Debug|Any CPU
		{FD60C516-213B-4525-A73D-EA680D81B22B}.Debug|Any CPU.Build.0 = Debug|Any CPU
		{FD60C516-213B-4525-A73D-EA680D81B22B}.Release|Any CPU.ActiveCfg = Release|Any CPU
		{FD60C516-213B-4525-A73D-EA680D81B22B}.Release|Any CPU.Build.0 = Release|Any CPU
		{61411D02-7B7D-4A1D-8ACA-B890768FCBA3}.Debug|Any CPU.ActiveCfg = Debug|Any CPU
		{61411D02-7B7D-4A1D-8ACA-B890768FCBA3}.Debug|Any CPU.Build.0 = Debug|Any CPU
		{61411D02-7B7D-4A1D-8ACA-B890768FCBA3}.Release|Any CPU.ActiveCfg = Release|Any CPU
		{61411D02-7B7D-4A1D-8ACA-B890768FCBA3}.Release|Any CPU.Build.0 = Release|Any CPU
	EndGlobalSection
	GlobalSection(SolutionProperties) = preSolution
		HideSolutionNode = FALSE
	EndGlobalSection
	GlobalSection(ExtensibilityGlobals) = postSolution
		SolutionGuid = {DF383038-8DDF-4914-B45A-E216C5E9D222}
	EndGlobalSection
EndGlobal
